
Microsoft Visual Studio Solution File, Format Version 12.00
# Visual Studio Version 17
VisualStudioVersion = 17.2.32630.192
MinimumVisualStudioVersion = 10.0.40219.1
Project("{2150E333-8FDC-42A3-9474-1A3956D46DE8}") = "FrontEnd", "FrontEnd", "{A85D7E19-83DF-44D1-AB2C-5E4A1745024D}"
EndProject
Project("{9A19103F-16F7-4668-BE54-9A1E7A4F7556}") = "Fleur.Web", "Fleur.Web\Fleur.Web.csproj", "{850D1032-BA3A-4144-B5BE-DC1C2BBB779A}"
EndProject
Project("{2150E333-8FDC-42A3-9474-1A3956D46DE8}") = "Services", "Services", "{5A952204-E1F6-4CB5-A558-EBFC8E81AA81}"
EndProject
Project("{9A19103F-16F7-4668-BE54-9A1E7A4F7556}") = "Fleur.Services.ProductAPI", "Fleur.Services.ProductAPI\Fleur.Services.ProductAPI.csproj", "{C0819D08-004B-4C7C-AF22-CEC4F8C6BD0A}"
EndProject
Project("{9A19103F-16F7-4668-BE54-9A1E7A4F7556}") = "Fleur.Services.Identity", "Fleur.Services.Identity\Fleur.Services.Identity.csproj", "{BC88B791-E855-4AD8-86D3-939A50D1F78F}"
EndProject
Project("{9A19103F-16F7-4668-BE54-9A1E7A4F7556}") = "Fleur.Services.ShoppingCartAPI", "Fleur.Services.ShoppingCartAPI\Fleur.Services.ShoppingCartAPI.csproj", "{17BD69AC-8B5C-4CEC-A454-6B2089CEAE89}"
EndProject
Project("{9A19103F-16F7-4668-BE54-9A1E7A4F7556}") = "Fleur.Services.CouponAPI", "Fleur.Services.CouponAPI\Fleur.Services.CouponAPI.csproj", "{52D10060-941D-46E4-BA8E-3888430A9101}"
EndProject
Project("{9A19103F-16F7-4668-BE54-9A1E7A4F7556}") = "Fleur.Services.OrderAPI", "Fleur.Services.OrderAPI\Fleur.Services.OrderAPI.csproj", "{C46BE71B-8EF5-4FF1-9EBE-BCB4485D6FC3}"
EndProject
Project("{2150E333-8FDC-42A3-9474-1A3956D46DE8}") = "Payments", "Payments", "{D66A3F33-BCA0-411B-979B-ACB6847B22EB}"
EndProject
Project("{9A19103F-16F7-4668-BE54-9A1E7A4F7556}") = "PaymentProcessor", "PaymentProcessor\PaymentProcessor.csproj", "{9DFDB716-D114-4FBA-BD35-C3D79D0DFDCC}"
EndProject
Project("{9A19103F-16F7-4668-BE54-9A1E7A4F7556}") = "Fleur.Services.PaymentAPI", "Fleur.Services.PaymentAPI\Fleur.Services.PaymentAPI.csproj", "{AF3C5C45-BB08-49B6-BBC3-A51F517DC407}"
EndProject
Project("{9A19103F-16F7-4668-BE54-9A1E7A4F7556}") = "Fleur.Services.Email", "Fleur.Services.Email\Fleur.Services.Email.csproj", "{2A14E77C-745C-4EEC-8F6A-447EF120E142}"
EndProject
Project("{2150E333-8FDC-42A3-9474-1A3956D46DE8}") = "Gateway", "Gateway", "{A1B03230-2B0C-4CF9-BB0E-2C391F6E5F52}"
EndProject
Project("{FAE04EC0-301F-11D3-BF4B-00C04F79EFBC}") = "Fleur.Gateway", "Fleur.Gateway\Fleur.Gateway.csproj", "{3FDBB9A5-2339-4679-93EE-1A47C337714B}"
EndProject
Global
	GlobalSection(SolutionConfigurationPlatforms) = preSolution
		Debug|Any CPU = Debug|Any CPU
		Release|Any CPU = Release|Any CPU
	EndGlobalSection
	GlobalSection(ProjectConfigurationPlatforms) = postSolution
		{850D1032-BA3A-4144-B5BE-DC1C2BBB779A}.Debug|Any CPU.ActiveCfg = Debug|Any CPU
		{850D1032-BA3A-4144-B5BE-DC1C2BBB779A}.Debug|Any CPU.Build.0 = Debug|Any CPU
		{850D1032-BA3A-4144-B5BE-DC1C2BBB779A}.Release|Any CPU.ActiveCfg = Release|Any CPU
		{850D1032-BA3A-4144-B5BE-DC1C2BBB779A}.Release|Any CPU.Build.0 = Release|Any CPU
		{C0819D08-004B-4C7C-AF22-CEC4F8C6BD0A}.Debug|Any CPU.ActiveCfg = Debug|Any CPU
		{C0819D08-004B-4C7C-AF22-CEC4F8C6BD0A}.Debug|Any CPU.Build.0 = Debug|Any CPU
		{C0819D08-004B-4C7C-AF22-CEC4F8C6BD0A}.Release|Any CPU.ActiveCfg = Release|Any CPU
		{C0819D08-004B-4C7C-AF22-CEC4F8C6BD0A}.Release|Any CPU.Build.0 = Release|Any CPU
		{BC88B791-E855-4AD8-86D3-939A50D1F78F}.Debug|Any CPU.ActiveCfg = Debug|Any CPU
		{BC88B791-E855-4AD8-86D3-939A50D1F78F}.Debug|Any CPU.Build.0 = Debug|Any CPU
		{BC88B791-E855-4AD8-86D3-939A50D1F78F}.Release|Any CPU.ActiveCfg = Release|Any CPU
		{BC88B791-E855-4AD8-86D3-939A50D1F78F}.Release|Any CPU.Build.0 = Release|Any CPU
		{17BD69AC-8B5C-4CEC-A454-6B2089CEAE89}.Debug|Any CPU.ActiveCfg = Debug|Any CPU
		{17BD69AC-8B5C-4CEC-A454-6B2089CEAE89}.Debug|Any CPU.Build.0 = Debug|Any CPU
		{17BD69AC-8B5C-4CEC-A454-6B2089CEAE89}.Release|Any CPU.ActiveCfg = Release|Any CPU
		{17BD69AC-8B5C-4CEC-A454-6B2089CEAE89}.Release|Any CPU.Build.0 = Release|Any CPU
		{52D10060-941D-46E4-BA8E-3888430A9101}.Debug|Any CPU.ActiveCfg = Debug|Any CPU
		{52D10060-941D-46E4-BA8E-3888430A9101}.Debug|Any CPU.Build.0 = Debug|Any CPU
		{52D10060-941D-46E4-BA8E-3888430A9101}.Release|Any CPU.ActiveCfg = Release|Any CPU
		{52D10060-941D-46E4-BA8E-3888430A9101}.Release|Any CPU.Build.0 = Release|Any CPU
		{C46BE71B-8EF5-4FF1-9EBE-BCB4485D6FC3}.Debug|Any CPU.ActiveCfg = Debug|Any CPU
		{C46BE71B-8EF5-4FF1-9EBE-BCB4485D6FC3}.Debug|Any CPU.Build.0 = Debug|Any CPU
		{C46BE71B-8EF5-4FF1-9EBE-BCB4485D6FC3}.Release|Any CPU.ActiveCfg = Release|Any CPU
		{C46BE71B-8EF5-4FF1-9EBE-BCB4485D6FC3}.Release|Any CPU.Build.0 = Release|Any CPU
		{9DFDB716-D114-4FBA-BD35-C3D79D0DFDCC}.Debug|Any CPU.ActiveCfg = Debug|Any CPU
		{9DFDB716-D114-4FBA-BD35-C3D79D0DFDCC}.Debug|Any CPU.Build.0 = Debug|Any CPU
		{9DFDB716-D114-4FBA-BD35-C3D79D0DFDCC}.Release|Any CPU.ActiveCfg = Release|Any CPU
		{9DFDB716-D114-4FBA-BD35-C3D79D0DFDCC}.Release|Any CPU.Build.0 = Release|Any CPU
		{AF3C5C45-BB08-49B6-BBC3-A51F517DC407}.Debug|Any CPU.ActiveCfg = Debug|Any CPU
		{AF3C5C45-BB08-49B6-BBC3-A51F517DC407}.Debug|Any CPU.Build.0 = Debug|Any CPU
		{AF3C5C45-BB08-49B6-BBC3-A51F517DC407}.Release|Any CPU.ActiveCfg = Release|Any CPU
		{AF3C5C45-BB08-49B6-BBC3-A51F517DC407}.Release|Any CPU.Build.0 = Release|Any CPU
		{2A14E77C-745C-4EEC-8F6A-447EF120E142}.Debug|Any CPU.ActiveCfg = Debug|Any CPU
		{2A14E77C-745C-4EEC-8F6A-447EF120E142}.Debug|Any CPU.Build.0 = Debug|Any CPU
		{2A14E77C-745C-4EEC-8F6A-447EF120E142}.Release|Any CPU.ActiveCfg = Release|Any CPU
		{2A14E77C-745C-4EEC-8F6A-447EF120E142}.Release|Any CPU.Build.0 = Release|Any CPU
		{3FDBB9A5-2339-4679-93EE-1A47C337714B}.Debug|Any CPU.ActiveCfg = Debug|Any CPU
		{3FDBB9A5-2339-4679-93EE-1A47C337714B}.Debug|Any CPU.Build.0 = Debug|Any CPU
		{3FDBB9A5-2339-4679-93EE-1A47C337714B}.Release|Any CPU.ActiveCfg = Release|Any CPU
		{3FDBB9A5-2339-4679-93EE-1A47C337714B}.Release|Any CPU.Build.0 = Release|Any CPU
	EndGlobalSection
	GlobalSection(SolutionProperties) = preSolution
		HideSolutionNode = FALSE
	EndGlobalSection
	GlobalSection(NestedProjects) = preSolution
		{850D1032-BA3A-4144-B5BE-DC1C2BBB779A} = {A85D7E19-83DF-44D1-AB2C-5E4A1745024D}
		{C0819D08-004B-4C7C-AF22-CEC4F8C6BD0A} = {5A952204-E1F6-4CB5-A558-EBFC8E81AA81}
		{BC88B791-E855-4AD8-86D3-939A50D1F78F} = {5A952204-E1F6-4CB5-A558-EBFC8E81AA81}
		{17BD69AC-8B5C-4CEC-A454-6B2089CEAE89} = {5A952204-E1F6-4CB5-A558-EBFC8E81AA81}
		{52D10060-941D-46E4-BA8E-3888430A9101} = {5A952204-E1F6-4CB5-A558-EBFC8E81AA81}
		{C46BE71B-8EF5-4FF1-9EBE-BCB4485D6FC3} = {5A952204-E1F6-4CB5-A558-EBFC8E81AA81}
		{9DFDB716-D114-4FBA-BD35-C3D79D0DFDCC} = {D66A3F33-BCA0-411B-979B-ACB6847B22EB}
		{AF3C5C45-BB08-49B6-BBC3-A51F517DC407} = {5A952204-E1F6-4CB5-A558-EBFC8E81AA81}
		{2A14E77C-745C-4EEC-8F6A-447EF120E142} = {5A952204-E1F6-4CB5-A558-EBFC8E81AA81}
		{3FDBB9A5-2339-4679-93EE-1A47C337714B} = {A1B03230-2B0C-4CF9-BB0E-2C391F6E5F52}
	EndGlobalSection
	GlobalSection(ExtensibilityGlobals) = postSolution
		SolutionGuid = {408F2324-BDC1-46BA-8F1F-660AD84763E3}
	EndGlobalSection
EndGlobal
